// !$*UTF8*$!
{
	archiveVersion = 1;
	classes = {
	};
	objectVersion = 56;
	objects = {

/* Begin PBXBuildFile section */
		A86F02022B73F55A001F0A39 /* CoefficientCell.swift in Sources */ = {isa = PBXBuildFile; fileRef = A86F02012B73F55A001F0A39 /* CoefficientCell.swift */; };
		A86F02042B73F85E001F0A39 /* PBCoefficientElements.swift in Sources */ = {isa = PBXBuildFile; fileRef = A86F02032B73F85E001F0A39 /* PBCoefficientElements.swift */; };
		A86F02082B749450001F0A39 /* PBColorScale.swift in Sources */ = {isa = PBXBuildFile; fileRef = A86F02072B749450001F0A39 /* PBColorScale.swift */; };
		A86F020A2B74B807001F0A39 /* BookmakerResultCell.swift in Sources */ = {isa = PBXBuildFile; fileRef = A86F02092B74B807001F0A39 /* BookmakerResultCell.swift */; };
		A86F020C2B74BDD7001F0A39 /* PBWinLossColorScale.swift in Sources */ = {isa = PBXBuildFile; fileRef = A86F020B2B74BDD7001F0A39 /* PBWinLossColorScale.swift */; };
		A86F02102B74EF1C001F0A39 /* Color+ Extension.swift in Sources */ = {isa = PBXBuildFile; fileRef = A86F020F2B74EF1C001F0A39 /* Color+ Extension.swift */; };
		A8B136802B73DE5C00ADD81B /* Personal_BrokerApp.swift in Sources */ = {isa = PBXBuildFile; fileRef = A8B1367F2B73DE5C00ADD81B /* Personal_BrokerApp.swift */; };
		A8B136822B73DE5C00ADD81B /* ContentView.swift in Sources */ = {isa = PBXBuildFile; fileRef = A8B136812B73DE5C00ADD81B /* ContentView.swift */; };
		A8B136842B73DE6200ADD81B /* Assets.xcassets in Resources */ = {isa = PBXBuildFile; fileRef = A8B136832B73DE6200ADD81B /* Assets.xcassets */; };
		A8B136872B73DE6200ADD81B /* Preview Assets.xcassets in Resources */ = {isa = PBXBuildFile; fileRef = A8B136862B73DE6200ADD81B /* Preview Assets.xcassets */; };
/* End PBXBuildFile section */

/* Begin PBXFileReference section */
		A86F02012B73F55A001F0A39 /* CoefficientCell.swift */ = {isa = PBXFileReference; lastKnownFileType = sourcecode.swift; path = CoefficientCell.swift; sourceTree = "<group>"; };
		A86F02032B73F85E001F0A39 /* PBCoefficientElements.swift */ = {isa = PBXFileReference; lastKnownFileType = sourcecode.swift; path = PBCoefficientElements.swift; sourceTree = "<group>"; };
		A86F02072B749450001F0A39 /* PBColorScale.swift */ = {isa = PBXFileReference; lastKnownFileType = sourcecode.swift; path = PBColorScale.swift; sourceTree = "<group>"; };
		A86F02092B74B807001F0A39 /* BookmakerResultCell.swift */ = {isa = PBXFileReference; lastKnownFileType = sourcecode.swift; path = BookmakerResultCell.swift; sourceTree = "<group>"; };
		A86F020B2B74BDD7001F0A39 /* PBWinLossColorScale.swift */ = {isa = PBXFileReference; lastKnownFileType = sourcecode.swift; path = PBWinLossColorScale.swift; sourceTree = "<group>"; };
		A86F020F2B74EF1C001F0A39 /* Color+ Extension.swift */ = {isa = PBXFileReference; lastKnownFileType = sourcecode.swift; path = "Color+ Extension.swift"; sourceTree = "<group>"; };
		A8B1367C2B73DE5C00ADD81B /* Personal Broker.app */ = {isa = PBXFileReference; explicitFileType = wrapper.application; includeInIndex = 0; path = "Personal Broker.app"; sourceTree = BUILT_PRODUCTS_DIR; };
		A8B1367F2B73DE5C00ADD81B /* Personal_BrokerApp.swift */ = {isa = PBXFileReference; lastKnownFileType = sourcecode.swift; path = Personal_BrokerApp.swift; sourceTree = "<group>"; };
		A8B136812B73DE5C00ADD81B /* ContentView.swift */ = {isa = PBXFileReference; lastKnownFileType = sourcecode.swift; path = ContentView.swift; sourceTree = "<group>"; };
		A8B136832B73DE6200ADD81B /* Assets.xcassets */ = {isa = PBXFileReference; lastKnownFileType = folder.assetcatalog; path = Assets.xcassets; sourceTree = "<group>"; };
		A8B136862B73DE6200ADD81B /* Preview Assets.xcassets */ = {isa = PBXFileReference; lastKnownFileType = folder.assetcatalog; path = "Preview Assets.xcassets"; sourceTree = "<group>"; };
/* End PBXFileReference section */

/* Begin PBXFrameworksBuildPhase section */
		A8B136792B73DE5C00ADD81B /* Frameworks */ = {
			isa = PBXFrameworksBuildPhase;
			buildActionMask = 2147483647;
			files = (
			);
			runOnlyForDeploymentPostprocessing = 0;
		};
/* End PBXFrameworksBuildPhase section */

/* Begin PBXGroup section */
		A86F020D2B74DE29001F0A39 /* Cells */ = {
			isa = PBXGroup;
			children = (
				A86F02012B73F55A001F0A39 /* CoefficientCell.swift */,
				A86F02092B74B807001F0A39 /* BookmakerResultCell.swift */,
			);
			path = Cells;
			sourceTree = "<group>";
		};
		A86F020E2B74DE89001F0A39 /* PBCustomElement */ = {
			isa = PBXGroup;
			children = (
				A86F02032B73F85E001F0A39 /* PBCoefficientElements.swift */,
				A86F02072B749450001F0A39 /* PBColorScale.swift */,
				A86F020B2B74BDD7001F0A39 /* PBWinLossColorScale.swift */,
			);
			path = PBCustomElement;
			sourceTree = "<group>";
		};
		A86F02112B74F035001F0A39 /* Resources */ = {
			isa = PBXGroup;
			children = (
				A86F020F2B74EF1C001F0A39 /* Color+ Extension.swift */,
			);
			path = Resources;
			sourceTree = "<group>";
		};
		A8B136732B73DE5C00ADD81B = {
			isa = PBXGroup;
			children = (
				A8B1367E2B73DE5C00ADD81B /* Personal Broker */,
				A8B1367D2B73DE5C00ADD81B /* Products */,
			);
			sourceTree = "<group>";
		};
		A8B1367D2B73DE5C00ADD81B /* Products */ = {
			isa = PBXGroup;
			children = (
				A8B1367C2B73DE5C00ADD81B /* Personal Broker.app */,
			);
			name = Products;
			sourceTree = "<group>";
		};
		A8B1367E2B73DE5C00ADD81B /* Personal Broker */ = {
			isa = PBXGroup;
			children = (
				A8B1367F2B73DE5C00ADD81B /* Personal_BrokerApp.swift */,
				A8B136812B73DE5C00ADD81B /* ContentView.swift */,
				A86F020D2B74DE29001F0A39 /* Cells */,
				A86F020E2B74DE89001F0A39 /* PBCustomElement */,
				A86F02112B74F035001F0A39 /* Resources */,
				A8B136832B73DE6200ADD81B /* Assets.xcassets */,
				A8B136852B73DE6200ADD81B /* Preview Content */,
			);
			path = "Personal Broker";
			sourceTree = "<group>";
		};
		A8B136852B73DE6200ADD81B /* Preview Content */ = {
			isa = PBXGroup;
			children = (
				A8B136862B73DE6200ADD81B /* Preview Assets.xcassets */,
			);
			path = "Preview Content";
			sourceTree = "<group>";
		};
/* End PBXGroup section */

/* Begin PBXNativeTarget section */
		A8B1367B2B73DE5C00ADD81B /* Personal Broker */ = {
			isa = PBXNativeTarget;
			buildConfigurationList = A8B1368A2B73DE6200ADD81B /* Build configuration list for PBXNativeTarget "Personal Broker" */;
			buildPhases = (
				A8B136782B73DE5C00ADD81B /* Sources */,
				A8B136792B73DE5C00ADD81B /* Frameworks */,
				A8B1367A2B73DE5C00ADD81B /* Resources */,
			);
			buildRules = (
			);
			dependencies = (
			);
			name = "Personal Broker";
			productName = "Personal Broker";
			productReference = A8B1367C2B73DE5C00ADD81B /* Personal Broker.app */;
			productType = "com.apple.product-type.application";
		};
/* End PBXNativeTarget section */

/* Begin PBXProject section */
		A8B136742B73DE5C00ADD81B /* Project object */ = {
			isa = PBXProject;
			attributes = {
				BuildIndependentTargetsInParallel = 1;
				LastSwiftUpdateCheck = 1520;
				LastUpgradeCheck = 1520;
				TargetAttributes = {
					A8B1367B2B73DE5C00ADD81B = {
						CreatedOnToolsVersion = 15.2;
					};
				};
			};
			buildConfigurationList = A8B136772B73DE5C00ADD81B /* Build configuration list for PBXProject "Personal Broker" */;
			compatibilityVersion = "Xcode 14.0";
			developmentRegion = en;
			hasScannedForEncodings = 0;
			knownRegions = (
				en,
				Base,
			);
			mainGroup = A8B136732B73DE5C00ADD81B;
			productRefGroup = A8B1367D2B73DE5C00ADD81B /* Products */;
			projectDirPath = "";
			projectRoot = "";
			targets = (
				A8B1367B2B73DE5C00ADD81B /* Personal Broker */,
			);
		};
/* End PBXProject section */

/* Begin PBXResourcesBuildPhase section */
		A8B1367A2B73DE5C00ADD81B /* Resources */ = {
			isa = PBXResourcesBuildPhase;
			buildActionMask = 2147483647;
			files = (
				A8B136872B73DE6200ADD81B /* Preview Assets.xcassets in Resources */,
				A8B136842B73DE6200ADD81B /* Assets.xcassets in Resources */,
			);
			runOnlyForDeploymentPostprocessing = 0;
		};
/* End PBXResourcesBuildPhase section */

/* Begin PBXSourcesBuildPhase section */
		A8B136782B73DE5C00ADD81B /* Sources */ = {
			isa = PBXSourcesBuildPhase;
			buildActionMask = 2147483647;
			files = (
				A86F020C2B74BDD7001F0A39 /* PBWinLossColorScale.swift in Sources */,
				A86F02102B74EF1C001F0A39 /* Color+ Extension.swift in Sources */,
				A86F020A2B74B807001F0A39 /* BookmakerResultCell.swift in Sources */,
				A8B136822B73DE5C00ADD81B /* ContentView.swift in Sources */,
				A86F02022B73F55A001F0A39 /* CoefficientCell.swift in Sources */,
				A8B136802B73DE5C00ADD81B /* Personal_BrokerApp.swift in Sources */,
				A86F02082B749450001F0A39 /* PBColorScale.swift in Sources */,
				A86F02042B73F85E001F0A39 /* PBCoefficientElements.swift in Sources */,
			);
			runOnlyForDeploymentPostprocessing = 0;
		};
/* End PBXSourcesBuildPhase section */

/* Begin XCBuildConfiguration section */
		A8B136882B73DE6200ADD81B /* Debug */ = {
			isa = XCBuildConfiguration;
			buildSettings = {
				ALWAYS_SEARCH_USER_PATHS = NO;
				ASSETCATALOG_COMPILER_GENERATE_SWIFT_ASSET_SYMBOL_EXTENSIONS = YES;
				CLANG_ANALYZER_NONNULL = YES;
				CLANG_ANALYZER_NUMBER_OBJECT_CONVERSION = YES_AGGRESSIVE;
				CLANG_CXX_LANGUAGE_STANDARD = "gnu++20";
				CLANG_ENABLE_MODULES = YES;
				CLANG_ENABLE_OBJC_ARC = YES;
				CLANG_ENABLE_OBJC_WEAK = YES;
				CLANG_WARN_BLOCK_CAPTURE_AUTORELEASING = YES;
				CLANG_WARN_BOOL_CONVERSION = YES;
				CLANG_WARN_COMMA = YES;
				CLANG_WARN_CONSTANT_CONVERSION = YES;
				CLANG_WARN_DEPRECATED_OBJC_IMPLEMENTATIONS = YES;
				CLANG_WARN_DIRECT_OBJC_ISA_USAGE = YES_ERROR;
				CLANG_WARN_DOCUMENTATION_COMMENTS = YES;
				CLANG_WARN_EMPTY_BODY = YES;
				CLANG_WARN_ENUM_CONVERSION = YES;
				CLANG_WARN_INFINITE_RECURSION = YES;
				CLANG_WARN_INT_CONVERSION = YES;
				CLANG_WARN_NON_LITERAL_NULL_CONVERSION = YES;
				CLANG_WARN_OBJC_IMPLICIT_RETAIN_SELF = YES;
				CLANG_WARN_OBJC_LITERAL_CONVERSION = YES;
				CLANG_WARN_OBJC_ROOT_CLASS = YES_ERROR;
				CLANG_WARN_QUOTED_INCLUDE_IN_FRAMEWORK_HEADER = YES;
				CLANG_WARN_RANGE_LOOP_ANALYSIS = YES;
				CLANG_WARN_STRICT_PROTOTYPES = YES;
				CLANG_WARN_SUSPICIOUS_MOVE = YES;
				CLANG_WARN_UNGUARDED_AVAILABILITY = YES_AGGRESSIVE;
				CLANG_WARN_UNREACHABLE_CODE = YES;
				CLANG_WARN__DUPLICATE_METHOD_MATCH = YES;
				COPY_PHASE_STRIP = NO;
				DEBUG_INFORMATION_FORMAT = dwarf;
				ENABLE_STRICT_OBJC_MSGSEND = YES;
				ENABLE_TESTABILITY = YES;
				ENABLE_USER_SCRIPT_SANDBOXING = YES;
				GCC_C_LANGUAGE_STANDARD = gnu17;
				GCC_DYNAMIC_NO_PIC = NO;
				GCC_NO_COMMON_BLOCKS = YES;
				GCC_OPTIMIZATION_LEVEL = 0;
				GCC_PREPROCESSOR_DEFINITIONS = (
					"DEBUG=1",
					"$(inherited)",
				);
				GCC_WARN_64_TO_32_BIT_CONVERSION = YES;
				GCC_WARN_ABOUT_RETURN_TYPE = YES_ERROR;
				GCC_WARN_UNDECLARED_SELECTOR = YES;
				GCC_WARN_UNINITIALIZED_AUTOS = YES_AGGRESSIVE;
				GCC_WARN_UNUSED_FUNCTION = YES;
				GCC_WARN_UNUSED_VARIABLE = YES;
				IPHONEOS_DEPLOYMENT_TARGET = 17.2;
				LOCALIZATION_PREFERS_STRING_CATALOGS = YES;
				MTL_ENABLE_DEBUG_INFO = INCLUDE_SOURCE;
				MTL_FAST_MATH = YES;
				ONLY_ACTIVE_ARCH = YES;
				SDKROOT = iphoneos;
				SWIFT_ACTIVE_COMPILATION_CONDITIONS = "DEBUG $(inherited)";
				SWIFT_OPTIMIZATION_LEVEL = "-Onone";
			};
			name = Debug;
		};
		A8B136892B73DE6200ADD81B /* Release */ = {
			isa = XCBuildConfiguration;
			buildSettings = {
				ALWAYS_SEARCH_USER_PATHS = NO;
				ASSETCATALOG_COMPILER_GENERATE_SWIFT_ASSET_SYMBOL_EXTENSIONS = YES;
				CLANG_ANALYZER_NONNULL = YES;
				CLANG_ANALYZER_NUMBER_OBJECT_CONVERSION = YES_AGGRESSIVE;
				CLANG_CXX_LANGUAGE_STANDARD = "gnu++20";
				CLANG_ENABLE_MODULES = YES;
				CLANG_ENABLE_OBJC_ARC = YES;
				CLANG_ENABLE_OBJC_WEAK = YES;
				CLANG_WARN_BLOCK_CAPTURE_AUTORELEASING = YES;
				CLANG_WARN_BOOL_CONVERSION = YES;
				CLANG_WARN_COMMA = YES;
				CLANG_WARN_CONSTANT_CONVERSION = YES;
				CLANG_WARN_DEPRECATED_OBJC_IMPLEMENTATIONS = YES;
				CLANG_WARN_DIRECT_OBJC_ISA_USAGE = YES_ERROR;
				CLANG_WARN_DOCUMENTATION_COMMENTS = YES;
				CLANG_WARN_EMPTY_BODY = YES;
				CLANG_WARN_ENUM_CONVERSION = YES;
				CLANG_WARN_INFINITE_RECURSION = YES;
				CLANG_WARN_INT_CONVERSION = YES;
				CLANG_WARN_NON_LITERAL_NULL_CONVERSION = YES;
				CLANG_WARN_OBJC_IMPLICIT_RETAIN_SELF = YES;
				CLANG_WARN_OBJC_LITERAL_CONVERSION = YES;
				CLANG_WARN_OBJC_ROOT_CLASS = YES_ERROR;
				CLANG_WARN_QUOTED_INCLUDE_IN_FRAMEWORK_HEADER = YES;
				CLANG_WARN_RANGE_LOOP_ANALYSIS = YES;
				CLANG_WARN_STRICT_PROTOTYPES = YES;
				CLANG_WARN_SUSPICIOUS_MOVE = YES;
				CLANG_WARN_UNGUARDED_AVAILABILITY = YES_AGGRESSIVE;
				CLANG_WARN_UNREACHABLE_CODE = YES;
				CLANG_WARN__DUPLICATE_METHOD_MATCH = YES;
				COPY_PHASE_STRIP = NO;
				DEBUG_INFORMATION_FORMAT = "dwarf-with-dsym";
				ENABLE_NS_ASSERTIONS = NO;
				ENABLE_STRICT_OBJC_MSGSEND = YES;
				ENABLE_USER_SCRIPT_SANDBOXING = YES;
				GCC_C_LANGUAGE_STANDARD = gnu17;
				GCC_NO_COMMON_BLOCKS = YES;
				GCC_WARN_64_TO_32_BIT_CONVERSION = YES;
				GCC_WARN_ABOUT_RETURN_TYPE = YES_ERROR;
				GCC_WARN_UNDECLARED_SELECTOR = YES;
				GCC_WARN_UNINITIALIZED_AUTOS = YES_AGGRESSIVE;
				GCC_WARN_UNUSED_FUNCTION = YES;
				GCC_WARN_UNUSED_VARIABLE = YES;
				IPHONEOS_DEPLOYMENT_TARGET = 17.2;
				LOCALIZATION_PREFERS_STRING_CATALOGS = YES;
				MTL_ENABLE_DEBUG_INFO = NO;
				MTL_FAST_MATH = YES;
				SDKROOT = iphoneos;
				SWIFT_COMPILATION_MODE = wholemodule;
				VALIDATE_PRODUCT = YES;
			};
			name = Release;
		};
		A8B1368B2B73DE6200ADD81B /* Debug */ = {
			isa = XCBuildConfiguration;
			buildSettings = {
				ASSETCATALOG_COMPILER_APPICON_NAME = AppIcon;
				ASSETCATALOG_COMPILER_GLOBAL_ACCENT_COLOR_NAME = AccentColor;
				CODE_SIGN_STYLE = Automatic;
				CURRENT_PROJECT_VERSION = 1;
				DEVELOPMENT_ASSET_PATHS = "\"Personal Broker/Preview Content\"";
				DEVELOPMENT_TEAM = 7U22TDF4XY;
				ENABLE_PREVIEWS = YES;
				GENERATE_INFOPLIST_FILE = YES;
				INFOPLIST_KEY_CFBundleDisplayName = "Personal Broker";
				INFOPLIST_KEY_UIApplicationSceneManifest_Generation = YES;
				INFOPLIST_KEY_UIApplicationSupportsIndirectInputEvents = YES;
				INFOPLIST_KEY_UILaunchScreen_Generation = YES;
				INFOPLIST_KEY_UISupportedInterfaceOrientations_iPad = "UIInterfaceOrientationPortrait UIInterfaceOrientationPortraitUpsideDown UIInterfaceOrientationLandscapeLeft UIInterfaceOrientationLandscapeRight";
				INFOPLIST_KEY_UISupportedInterfaceOrientations_iPhone = "UIInterfaceOrientationPortrait UIInterfaceOrientationLandscapeLeft UIInterfaceOrientationLandscapeRight";
				IPHONEOS_DEPLOYMENT_TARGET = 15.0;
				LD_RUNPATH_SEARCH_PATHS = (
					"$(inherited)",
					"@executable_path/Frameworks",
				);
				MARKETING_VERSION = 1.0;
				PRODUCT_BUNDLE_IDENTIFIER = "Igor-Solodyankin.Personal-Broker";
				PRODUCT_NAME = "$(TARGET_NAME)";
				SUPPORTED_PLATFORMS = "iphoneos iphonesimulator";
				SUPPORTS_MACCATALYST = NO;
				SUPPORTS_MAC_DESIGNED_FOR_IPHONE_IPAD = NO;
				SUPPORTS_XR_DESIGNED_FOR_IPHONE_IPAD = NO;
				SWIFT_EMIT_LOC_STRINGS = YES;
				SWIFT_VERSION = 5.0;
				TARGETED_DEVICE_FAMILY = 1;
			};
			name = Debug;
		};
		A8B1368C2B73DE6200ADD81B /* Release */ = {
			isa = XCBuildConfiguration;
			buildSettings = {
				ASSETCATALOG_COMPILER_APPICON_NAME = AppIcon;
				ASSETCATALOG_COMPILER_GLOBAL_ACCENT_COLOR_NAME = AccentColor;
				CODE_SIGN_STYLE = Automatic;
				CURRENT_PROJECT_VERSION = 1;
				DEVELOPMENT_ASSET_PATHS = "\"Personal Broker/Preview Content\"";
				DEVELOPMENT_TEAM = 7U22TDF4XY;
				ENABLE_PREVIEWS = YES;
				GENERATE_INFOPLIST_FILE = YES;
				INFOPLIST_KEY_CFBundleDisplayName = "Personal Broker";
				INFOPLIST_KEY_UIApplicationSceneManifest_Generation = YES;
				INFOPLIST_KEY_UIApplicationSupportsIndirectInputEvents = YES;
				INFOPLIST_KEY_UILaunchScreen_Generation = YES;
				INFOPLIST_KEY_UISupportedInterfaceOrientations_iPad = "UIInterfaceOrientationPortrait UIInterfaceOrientationPortraitUpsideDown UIInterfaceOrientationLandscapeLeft UIInterfaceOrientationLandscapeRight";
				INFOPLIST_KEY_UISupportedInterfaceOrientations_iPhone = "UIInterfaceOrientationPortrait UIInterfaceOrientationLandscapeLeft UIInterfaceOrientationLandscapeRight";
				IPHONEOS_DEPLOYMENT_TARGET = 15.0;
				LD_RUNPATH_SEARCH_PATHS = (
					"$(inherited)",
					"@executable_path/Frameworks",
				);
				MARKETING_VERSION = 1.0;
				PRODUCT_BUNDLE_IDENTIFIER = "Igor-Solodyankin.Personal-Broker";
				PRODUCT_NAME = "$(TARGET_NAME)";
				SUPPORTED_PLATFORMS = "iphoneos iphonesimulator";
				SUPPORTS_MACCATALYST = NO;
				SUPPORTS_MAC_DESIGNED_FOR_IPHONE_IPAD = NO;
				SUPPORTS_XR_DESIGNED_FOR_IPHONE_IPAD = NO;
				SWIFT_EMIT_LOC_STRINGS = YES;
				SWIFT_VERSION = 5.0;
				TARGETED_DEVICE_FAMILY = 1;
			};
			name = Release;
		};
/* End XCBuildConfiguration section */

/* Begin XCConfigurationList section */
		A8B136772B73DE5C00ADD81B /* Build configuration list for PBXProject "Personal Broker" */ = {
			isa = XCConfigurationList;
			buildConfigurations = (
				A8B136882B73DE6200ADD81B /* Debug */,
				A8B136892B73DE6200ADD81B /* Release */,
			);
			defaultConfigurationIsVisible = 0;
			defaultConfigurationName = Release;
		};
		A8B1368A2B73DE6200ADD81B /* Build configuration list for PBXNativeTarget "Personal Broker" */ = {
			isa = XCConfigurationList;
			buildConfigurations = (
				A8B1368B2B73DE6200ADD81B /* Debug */,
				A8B1368C2B73DE6200ADD81B /* Release */,
			);
			defaultConfigurationIsVisible = 0;
			defaultConfigurationName = Release;
		};
/* End XCConfigurationList section */
	};
	rootObject = A8B136742B73DE5C00ADD81B /* Project object */;
}
